
Microsoft Visual Studio Solution File, Format Version 12.00
# Visual Studio 2013
VisualStudioVersion = 12.0.21005.1
MinimumVisualStudioVersion = 10.0.40219.1
Project("{FAE04EC0-301F-11D3-BF4B-00C04F79EFBC}") = "Superoffice", "cUITe_002\Superoffice.csproj", "{F339A21E-CE38-460B-B794-C21955A9C96A}"
EndProject
Project("{2150E333-8FDC-42A3-9474-1A3956D46DE8}") = "Solution Items", "Solution Items", "{8A93A08A-982C-49B9-9058-67DDB1F162FC}"
	ProjectSection(SolutionItems) = preProject
		Local.testsettings = Local.testsettings
		ReadMe.txt = ReadMe.txt
		run.runsettings = run.runsettings
	EndProjectSection
EndProject
Global
	GlobalSection(SolutionConfigurationPlatforms) = preSolution
		Debug|Any CPU = Debug|Any CPU
		Release|Any CPU = Release|Any CPU
	EndGlobalSection
	GlobalSection(ProjectConfigurationPlatforms) = postSolution
		{F339A21E-CE38-460B-B794-C21955A9C96A}.Debug|Any CPU.ActiveCfg = Debug|Any CPU
		{F339A21E-CE38-460B-B794-C21955A9C96A}.Debug|Any CPU.Build.0 = Debug|Any CPU
		{F339A21E-CE38-460B-B794-C21955A9C96A}.Release|Any CPU.ActiveCfg = Release|Any CPU
		{F339A21E-CE38-460B-B794-C21955A9C96A}.Release|Any CPU.Build.0 = Release|Any CPU
	EndGlobalSection
	GlobalSection(SolutionProperties) = preSolution
		HideSolutionNode = FALSE
	EndGlobalSection
EndGlobal
